<Solution>
  <Folder Name="/src/">
    <Project Path="src/PolarSharp.BaseEntities/PolarSharp.BaseEntities.csproj" />
    <Project Path="src/PolarSharp/PolarSharp.csproj" />
    <Project Path="src/PolarSharp.Webhooks/PolarSharp.Webhooks.csproj" />
    <Project Path="src/PolarSharp.MultiTenant/PolarSharp.MultiTenant.csproj" />
    <Project Path="src/PolarSharp.MultiTenant.EntityFrameworkCore/PolarSharp.MultiTenant.EntityFrameworkCore.csproj" />
    <Project Path="src/PolarSharp.MultiTenant.EntityFrameworkCore.SqlServer/PolarSharp.MultiTenant.EntityFrameworkCore.SqlServer.csproj" />
    <Project Path="src/PolarSharp.MultiTenant.EntityFrameworkCore.Sqlite/PolarSharp.MultiTenant.EntityFrameworkCore.Sqlite.csproj" />
    <Project Path="src/PolarSharp.MultiTenant.EntityFrameworkCore.PostgreSQL/PolarSharp.MultiTenant.EntityFrameworkCore.PostgreSQL.csproj" />
    <Project Path="src/PolarSharp.MultiTenant.Identity/PolarSharp.MultiTenant.Identity.csproj" />
    <Project Path="src/PolarSharp.MultiTenant.Identity.SqlServer/PolarSharp.MultiTenant.Identity.SqlServer.csproj" />
    <Project Path="src/PolarSharp.MultiTenant.Identity.Sqlite/PolarSharp.MultiTenant.Identity.Sqlite.csproj" />
    <Project Path="src/PolarSharp.MultiTenant.Identity.PostgreSQL/PolarSharp.MultiTenant.Identity.PostgreSQL.csproj" />
    <Project Path="src/PolarSharp.MultiTenant.Identity.KeyCloak/PolarSharp.MultiTenant.Identity.KeyCloak.csproj" />
    <Project Path="src/PolarSharp.Onboarding/PolarSharp.Onboarding.csproj" />
    <Project Path="src/PolarSharp.EcommerceStoreManagement/PolarSharp.EcommerceStoreManagement.csproj" />
    <Project Path="src/PolarSharp.EcommerceStoreManagement.EntityFrameworkCore/PolarSharp.EcommerceStoreManagement.EntityFrameworkCore.csproj" />
    <Project Path="src/PolarSharp.EcommerceStoreManagement.EntityFrameworkCore.SqlServer/PolarSharp.EcommerceStoreManagement.EntityFrameworkCore.SqlServer.csproj" />
    <Project Path="src/PolarSharp.EcommerceStoreManagement.EntityFrameworkCore.Sqlite/PolarSharp.EcommerceStoreManagement.EntityFrameworkCore.Sqlite.csproj" />
    <Project Path="src/PolarSharp.EcommerceStoreManagement.EntityFrameworkCore.PostgreSQL/PolarSharp.EcommerceStoreManagement.EntityFrameworkCore.PostgreSQL.csproj" />
    <Project Path="src/PolarSharp.EcommerceStoreManagement.Translation.Anthropic/PolarSharp.EcommerceStoreManagement.Translation.Anthropic.csproj" />
    <Project Path="src/PolarSharp.EcommerceStoreManagement.Translation.OpenAI/PolarSharp.EcommerceStoreManagement.Translation.OpenAI.csproj" />
    <Project Path="src/PolarSharp.EcommerceStoreManagement.Translation.AzureOpenAI/PolarSharp.EcommerceStoreManagement.Translation.AzureOpenAI.csproj" />
    <Project Path="src/PolarSharp.EcommerceStoreManagement.Translation.Gemini/PolarSharp.EcommerceStoreManagement.Translation.Gemini.csproj" />
    <Project Path="src/PolarSharp.EcommerceStoreManagement.Translation.Grok/PolarSharp.EcommerceStoreManagement.Translation.Grok.csproj" />
    <Project Path="src/PolarSharp.Reporting/PolarSharp.Reporting.csproj" />
    <Project Path="src/PolarSharp.Reporting.EntityFrameworkCore/PolarSharp.Reporting.EntityFrameworkCore.csproj" />
    <Project Path="src/PolarSharp.Reporting.EntityFrameworkCore.SqlServer/PolarSharp.Reporting.EntityFrameworkCore.SqlServer.csproj" />
    <Project Path="src/PolarSharp.Reporting.EntityFrameworkCore.Sqlite/PolarSharp.Reporting.EntityFrameworkCore.Sqlite.csproj" />
    <Project Path="src/PolarSharp.Reporting.EntityFrameworkCore.PostgreSQL/PolarSharp.Reporting.EntityFrameworkCore.PostgreSQL.csproj" />
    <Project Path="src/PolarSharp.Reporting.Identity/PolarSharp.Reporting.Identity.csproj" />
    <Project Path="src/PolarSharp.DataSeeding/PolarSharp.DataSeeding.csproj" />
    <!-- v1.3.0 expansion -->
    <Project Path="src/PolarSharp.AuditLog.Marten/PolarSharp.AuditLog.Marten.csproj" />
    <Project Path="src/PolarSharp.CustomerGraph/PolarSharp.CustomerGraph.csproj" />
    <Project Path="src/PolarSharp.CustomerGraph.Neo4j/PolarSharp.CustomerGraph.Neo4j.csproj" />
    <Project Path="src/PolarSharp.CustomerGraph.Projection/PolarSharp.CustomerGraph.Projection.csproj" />
    <Project Path="src/PolarSharp.EcommerceStoreManagement.EntityFrameworkCore.CosmosDb/PolarSharp.EcommerceStoreManagement.EntityFrameworkCore.CosmosDb.csproj" />
    <Project Path="src/PolarSharp.EcommerceStoreManagement.EntityFrameworkCore.MariaDb/PolarSharp.EcommerceStoreManagement.EntityFrameworkCore.MariaDb.csproj" />
    <Project Path="src/PolarSharp.EcommerceStoreManagement.GraphQL/PolarSharp.EcommerceStoreManagement.GraphQL.csproj" />
    <Project Path="src/PolarSharp.GraphQL.Client/PolarSharp.GraphQL.Client.csproj" />
    <Project Path="src/PolarSharp.MultiTenant.EntityFrameworkCore.CosmosDb/PolarSharp.MultiTenant.EntityFrameworkCore.CosmosDb.csproj" />
    <Project Path="src/PolarSharp.MultiTenant.EntityFrameworkCore.MariaDb/PolarSharp.MultiTenant.EntityFrameworkCore.MariaDb.csproj" />
    <Project Path="src/PolarSharp.MultiTenant.Identity.CosmosDb/PolarSharp.MultiTenant.Identity.CosmosDb.csproj" />
    <Project Path="src/PolarSharp.MultiTenant.Identity.MariaDb/PolarSharp.MultiTenant.Identity.MariaDb.csproj" />
    <Project Path="src/PolarSharp.MultiTenant.Notifications/PolarSharp.MultiTenant.Notifications.csproj" />
    <Project Path="src/PolarSharp.NaturalLanguageQuery/PolarSharp.NaturalLanguageQuery.csproj" />
    <Project Path="src/PolarSharp.NaturalLanguageQuery.CustomerGraph/PolarSharp.NaturalLanguageQuery.CustomerGraph.csproj" />
    <Project Path="src/PolarSharp.NaturalLanguageQuery.HotChocolate/PolarSharp.NaturalLanguageQuery.HotChocolate.csproj" />
    <Project Path="src/PolarSharp.Onboarding.Wizard.Marten/PolarSharp.Onboarding.Wizard.Marten.csproj" />
    <Project Path="src/PolarSharp.PrepaidWallets/PolarSharp.PrepaidWallets.csproj" />
    <Project Path="src/PolarSharp.PrepaidWallets.Abstractions/PolarSharp.PrepaidWallets.Abstractions.csproj" />
    <Project Path="src/PolarSharp.PrepaidWallets.EventStore.EntityFrameworkCore/PolarSharp.PrepaidWallets.EventStore.EntityFrameworkCore.csproj" />
    <Project Path="src/PolarSharp.PrepaidWallets.EventStore.EntityFrameworkCore.CosmosDb/PolarSharp.PrepaidWallets.EventStore.EntityFrameworkCore.CosmosDb.csproj" />
    <Project Path="src/PolarSharp.PrepaidWallets.EventStore.EntityFrameworkCore.MariaDb/PolarSharp.PrepaidWallets.EventStore.EntityFrameworkCore.MariaDb.csproj" />
    <Project Path="src/PolarSharp.PrepaidWallets.EventStore.EntityFrameworkCore.PostgreSQL/PolarSharp.PrepaidWallets.EventStore.EntityFrameworkCore.PostgreSQL.csproj" />
    <Project Path="src/PolarSharp.PrepaidWallets.EventStore.EntityFrameworkCore.Sqlite/PolarSharp.PrepaidWallets.EventStore.EntityFrameworkCore.Sqlite.csproj" />
    <Project Path="src/PolarSharp.PrepaidWallets.EventStore.EntityFrameworkCore.SqlServer/PolarSharp.PrepaidWallets.EventStore.EntityFrameworkCore.SqlServer.csproj" />
    <Project Path="src/PolarSharp.PrepaidWallets.EventStore.Marten/PolarSharp.PrepaidWallets.EventStore.Marten.csproj" />
    <Project Path="src/PolarSharp.PrepaidWallets.Polar.Checkout/PolarSharp.PrepaidWallets.Polar.Checkout.csproj" />
    <Project Path="src/PolarSharp.PrepaidWallets.Polar.GraphQL/PolarSharp.PrepaidWallets.Polar.GraphQL.csproj" />
    <Project Path="src/PolarSharp.PrepaidWallets.Polar.Identity/PolarSharp.PrepaidWallets.Polar.Identity.csproj" />
    <Project Path="src/PolarSharp.PrepaidWallets.Polar.Reporting/PolarSharp.PrepaidWallets.Polar.Reporting.csproj" />
    <Project Path="src/PolarSharp.PrepaidWallets.Reporting/PolarSharp.PrepaidWallets.Reporting.csproj" />
    <Project Path="src/PolarSharp.Reporting.EntityFrameworkCore.CosmosDb/PolarSharp.Reporting.EntityFrameworkCore.CosmosDb.csproj" />
    <Project Path="src/PolarSharp.Reporting.EntityFrameworkCore.MariaDb/PolarSharp.Reporting.EntityFrameworkCore.MariaDb.csproj" />
    <Project Path="src/PolarSharp.Reporting.GraphQL/PolarSharp.Reporting.GraphQL.csproj" />
    <Project Path="src/PolarSharp.Reporting.Marten/PolarSharp.Reporting.Marten.csproj" />
    <!-- v1.4.0 expansion -->
    <Project Path="src/PolarSharp.EcommerceStorefronts/PolarSharp.EcommerceStorefronts.csproj" />
    <Project Path="src/PolarSharp.EcommerceStorefronts.Abstractions/PolarSharp.EcommerceStorefronts.Abstractions.csproj" />
    <Project Path="src/PolarSharp.EcommerceStorefronts.AspNetCore/PolarSharp.EcommerceStorefronts.AspNetCore.csproj" />
    <Project Path="src/PolarSharp.EcommerceStorefronts.Blazor/PolarSharp.EcommerceStorefronts.Blazor.csproj" />
    <Project Path="src/PolarSharp.EcommerceStorefronts.GraphQL/PolarSharp.EcommerceStorefronts.GraphQL.csproj" />
    <Project Path="src/PolarSharp.EcommerceStorefronts.GuestSessions/PolarSharp.EcommerceStorefronts.GuestSessions.csproj" />
    <Project Path="src/PolarSharp.EcommerceStorefronts.MAUI/PolarSharp.EcommerceStorefronts.MAUI.csproj" />
    <Project Path="src/PolarSharp.EcommerceStorefronts.Pipelines.OrderProcessing/PolarSharp.EcommerceStorefronts.Pipelines.OrderProcessing.csproj" />
    <Project Path="src/PolarSharp.EcommerceStorefronts.Pipelines.RefundProcessing/PolarSharp.EcommerceStorefronts.Pipelines.RefundProcessing.csproj" />
    <Project Path="src/PolarSharp.EcommerceStorefronts.Pipelines.SubscriptionBilling/PolarSharp.EcommerceStorefronts.Pipelines.SubscriptionBilling.csproj" />
    <Project Path="src/PolarSharp.EcommerceStorefronts.Polar.Catalog/PolarSharp.EcommerceStorefronts.Polar.Catalog.csproj" />
    <Project Path="src/PolarSharp.EcommerceStorefronts.Polar.Checkout/PolarSharp.EcommerceStorefronts.Polar.Checkout.csproj" />
    <Project Path="src/PolarSharp.EcommerceStorefronts.Polar.Identity/PolarSharp.EcommerceStorefronts.Polar.Identity.csproj" />
    <Project Path="src/PolarSharp.EcommerceStorefronts.Polar.Notifications/PolarSharp.EcommerceStorefronts.Polar.Notifications.csproj" />
    <Project Path="src/PolarSharp.EcommerceStorefronts.Polar.Reporting/PolarSharp.EcommerceStorefronts.Polar.Reporting.csproj" />
    <Project Path="src/PolarSharp.EcommerceStorefronts.Polar.Search/PolarSharp.EcommerceStorefronts.Polar.Search.csproj" />
    <Project Path="src/PolarSharp.EcommerceStorefronts.Polar.Templates/PolarSharp.EcommerceStorefronts.Polar.Templates.csproj" />
    <Project Path="src/PolarSharp.EcommerceStorefronts.Polar.Wallet/PolarSharp.EcommerceStorefronts.Polar.Wallet.csproj" />
    <Project Path="src/PolarSharp.EcommerceStorefronts.Polar.WebComponents/PolarSharp.EcommerceStorefronts.Polar.WebComponents.csproj" />
    <Project Path="src/PolarSharp.EcommerceStorefronts.SEO/PolarSharp.EcommerceStorefronts.SEO.csproj" />
    <Project Path="src/PolarSharp.EcommerceStorefronts.SEO.AMP/PolarSharp.EcommerceStorefronts.SEO.AMP.csproj" />
    <Project Path="src/PolarSharp.EcommerceStorefronts.SEO.Images.Cloudflare/PolarSharp.EcommerceStorefronts.SEO.Images.Cloudflare.csproj" />
    <Project Path="src/PolarSharp.EcommerceStorefronts.SEO.Images.Imgix/PolarSharp.EcommerceStorefronts.SEO.Images.Imgix.csproj" />
    <Project Path="src/PolarSharp.EcommerceStorefronts.Search/PolarSharp.EcommerceStorefronts.Search.csproj" />
    <Project Path="src/PolarSharp.EcommerceStorefronts.Search.MeiliSearch/PolarSharp.EcommerceStorefronts.Search.MeiliSearch.csproj" />
    <Project Path="src/PolarSharp.EcommerceStorefronts.Shipping/PolarSharp.EcommerceStorefronts.Shipping.csproj" />
    <Project Path="src/PolarSharp.EcommerceStorefronts.Shipping.EasyPost/PolarSharp.EcommerceStorefronts.Shipping.EasyPost.csproj" />
    <Project Path="src/PolarSharp.EcommerceStorefronts.Shipping.Shippo/PolarSharp.EcommerceStorefronts.Shipping.Shippo.csproj" />
    <Project Path="src/PolarSharp.EcommerceStorefronts.Tax/PolarSharp.EcommerceStorefronts.Tax.csproj" />
    <Project Path="src/PolarSharp.EcommerceStorefronts.Tax.TaxJar/PolarSharp.EcommerceStorefronts.Tax.TaxJar.csproj" />
    <Project Path="src/PolarSharp.EcommerceStorefronts.Themes/PolarSharp.EcommerceStorefronts.Themes.csproj" />
    <Project Path="src/PolarSharp.EcommerceStorefronts.Themes.Classic/PolarSharp.EcommerceStorefronts.Themes.Classic.csproj" />
    <Project Path="src/PolarSharp.EcommerceStorefronts.Themes.Minimal/PolarSharp.EcommerceStorefronts.Themes.Minimal.csproj" />
    <Project Path="src/PolarSharp.EcommerceStorefronts.Themes.Modern/PolarSharp.EcommerceStorefronts.Themes.Modern.csproj" />
    <Project Path="src/PolarSharp.EcommerceStorefronts.WebComponents/PolarSharp.EcommerceStorefronts.WebComponents.csproj" />
    <Project Path="src/PolarSharp.EcommerceStorefronts.WebComponents.Admin/PolarSharp.EcommerceStorefronts.WebComponents.Admin.csproj" />
    <Project Path="src/PolarSharp.EcommerceStorefronts.WebComponents.SignalRHub/PolarSharp.EcommerceStorefronts.WebComponents.SignalRHub.csproj" />
  </Folder>
  <Folder Name="/templates/">
    <Project Path="templates/PolarSharp.Templates/PolarSharp.Templates.csproj" />
  </Folder>
  <Folder Name="/testapp/">
    <Project Path="testapp/PolarTestApp/PolarTestApp.csproj" />
    <Project Path="testapp/PolarWebhooksTestApp/PolarWebhooksTestApp.csproj" />
    <Project Path="testapp/PolarSnapshotTestApp/PolarSnapshotTestApp.csproj" />
  </Folder>
  <Folder Name="/tests/">
    <Project Path="tests/PolarSharp.Benchmarks/PolarSharp.Benchmarks.csproj" />
    <Project Path="tests/PolarSharp.IntegrationTests/PolarSharp.IntegrationTests.csproj" />
    <Project Path="tests/PolarSharp.Tests/PolarSharp.Tests.csproj" />
    <Project Path="tests/PolarSharp.Webhooks.Tests/PolarSharp.Webhooks.Tests.csproj" />
    <Project Path="tests/PolarSharp.BaseEntities.Tests/PolarSharp.BaseEntities.Tests.csproj" />
    <Project Path="tests/PolarSharp.MultiTenant.EntityFrameworkCore.Tests/PolarSharp.MultiTenant.EntityFrameworkCore.Tests.csproj" />
    <Project Path="tests/PolarSharp.MultiTenant.EntityFrameworkCore.Sqlite.Tests/PolarSharp.MultiTenant.EntityFrameworkCore.Sqlite.Tests.csproj" />
    <Project Path="tests/PolarSharp.MultiTenant.Identity.Tests/PolarSharp.MultiTenant.Identity.Tests.csproj" />
    <Project Path="tests/PolarSharp.MultiTenant.Identity.KeyCloak.Tests/PolarSharp.MultiTenant.Identity.KeyCloak.Tests.csproj" />
    <Project Path="tests/PolarSharp.MultiTenant.Tests/PolarSharp.MultiTenant.Tests.csproj" />
    <Project Path="tests/PolarSharp.MultiTenant.Notifications.Tests/PolarSharp.MultiTenant.Notifications.Tests.csproj" />
    <Project Path="tests/PolarSharp.Onboarding.Tests/PolarSharp.Onboarding.Tests.csproj" />
    <Project Path="tests/PolarSharp.EcommerceStoreManagement.Tests/PolarSharp.EcommerceStoreManagement.Tests.csproj" />
    <Project Path="tests/PolarSharp.EcommerceStorefronts.Abstractions.Tests/PolarSharp.EcommerceStorefronts.Abstractions.Tests.csproj" />
    <Project Path="tests/PolarSharp.EcommerceStoreManagement.Translation.Tests/PolarSharp.EcommerceStoreManagement.Translation.Tests.csproj" />
    <Project Path="tests/PolarSharp.Reporting.Tests/PolarSharp.Reporting.Tests.csproj" />
    <Project Path="tests/PolarSharp.Reporting.GraphQL.Tests/PolarSharp.Reporting.GraphQL.Tests.csproj" />
    <Project Path="tests/PolarSharp.Reporting.Identity.Tests/PolarSharp.Reporting.Identity.Tests.csproj" />
    <Project Path="tests/PolarSharp.DataSeeding.Tests/PolarSharp.DataSeeding.Tests.csproj" />
    <Project Path="tests/PolarSharp.PrepaidWallets.Abstractions.Tests/PolarSharp.PrepaidWallets.Abstractions.Tests.csproj" />
    <Project Path="tests/PolarSharp.PrepaidWallets.Tests/PolarSharp.PrepaidWallets.Tests.csproj" />
    <Project Path="tests/PolarSharp.PrepaidWallets.EventStore.Marten.Tests/PolarSharp.PrepaidWallets.EventStore.Marten.Tests.csproj" />
    <Project Path="tests/PolarSharp.PrepaidWallets.EventStore.EntityFrameworkCore.Tests/PolarSharp.PrepaidWallets.EventStore.EntityFrameworkCore.Tests.csproj" />
  </Folder>
</Solution>
